
Microsoft Visual Studio Solution File, Format Version 12.00
# Visual Studio 15
VisualStudioVersion = 15.0.26403.7
MinimumVisualStudioVersion = 10.0.40219.1
Project("{FAE04EC0-301F-11D3-BF4B-00C04F79EFBC}") = "ServerCli", "ServerCli\ServerCli.csproj", "{EFC6694A-1954-4B50-A8BD-83CA3EEB4357}"
EndProject
Project("{FAE04EC0-301F-11D3-BF4B-00C04F79EFBC}") = "ClientSer", "ClientSer\ClientSer.csproj", "{059A4668-FFAE-4074-9594-0A3EDDC8CC74}"
EndProject
Project("{FAE04EC0-301F-11D3-BF4B-00C04F79EFBC}") = "ServerFile", "ServerFile\ServerFile.csproj", "{6C2A00EA-C6A2-4A25-AECC-7DE85BE617AF}"
EndProject
Project("{FAE04EC0-301F-11D3-BF4B-00C04F79EFBC}") = "ClientFile", "ClientFile\ClientFile.csproj", "{9F7F606C-C5F4-4C13-8284-91147D39730F}"
EndProject
Global
	GlobalSection(SolutionConfigurationPlatforms) = preSolution
		Debug|Any CPU = Debug|Any CPU
		Release|Any CPU = Release|Any CPU
	EndGlobalSection
	GlobalSection(ProjectConfigurationPlatforms) = postSolution
		{EFC6694A-1954-4B50-A8BD-83CA3EEB4357}.Debug|Any CPU.ActiveCfg = Debug|Any CPU
		{EFC6694A-1954-4B50-A8BD-83CA3EEB4357}.Debug|Any CPU.Build.0 = Debug|Any CPU
		{EFC6694A-1954-4B50-A8BD-83CA3EEB4357}.Release|Any CPU.ActiveCfg = Release|Any CPU
		{EFC6694A-1954-4B50-A8BD-83CA3EEB4357}.Release|Any CPU.Build.0 = Release|Any CPU
		{059A4668-FFAE-4074-9594-0A3EDDC8CC74}.Debug|Any CPU.ActiveCfg = Debug|Any CPU
		{059A4668-FFAE-4074-9594-0A3EDDC8CC74}.Debug|Any CPU.Build.0 = Debug|Any CPU
		{059A4668-FFAE-4074-9594-0A3EDDC8CC74}.Release|Any CPU.ActiveCfg = Release|Any CPU
		{059A4668-FFAE-4074-9594-0A3EDDC8CC74}.Release|Any CPU.Build.0 = Release|Any CPU
		{6C2A00EA-C6A2-4A25-AECC-7DE85BE617AF}.Debug|Any CPU.ActiveCfg = Debug|Any CPU
		{6C2A00EA-C6A2-4A25-AECC-7DE85BE617AF}.Debug|Any CPU.Build.0 = Debug|Any CPU
		{6C2A00EA-C6A2-4A25-AECC-7DE85BE617AF}.Release|Any CPU.ActiveCfg = Release|Any CPU
		{6C2A00EA-C6A2-4A25-AECC-7DE85BE617AF}.Release|Any CPU.Build.0 = Release|Any CPU
		{9F7F606C-C5F4-4C13-8284-91147D39730F}.Debug|Any CPU.ActiveCfg = Debug|Any CPU
		{9F7F606C-C5F4-4C13-8284-91147D39730F}.Debug|Any CPU.Build.0 = Debug|Any CPU
		{9F7F606C-C5F4-4C13-8284-91147D39730F}.Release|Any CPU.ActiveCfg = Release|Any CPU
		{9F7F606C-C5F4-4C13-8284-91147D39730F}.Release|Any CPU.Build.0 = Release|Any CPU
	EndGlobalSection
	GlobalSection(SolutionProperties) = preSolution
		HideSolutionNode = FALSE
	EndGlobalSection
EndGlobal
